// !$*UTF8*$!
{
	archiveVersion = 1;
	classes = {
	};
	objectVersion = 50;
	objects = {

/* Begin PBXBuildFile section */
		EE5CEF79290710AF00670EB2 /* AppDelegate.swift in Sources */ = {isa = PBXBuildFile; fileRef = EE5CEF78290710AF00670EB2 /* AppDelegate.swift */; };
		EE5CEF7B290710AF00670EB2 /* SceneDelegate.swift in Sources */ = {isa = PBXBuildFile; fileRef = EE5CEF7A290710AF00670EB2 /* SceneDelegate.swift */; };
		EE5CEF7D290710AF00670EB2 /* ViewController.swift in Sources */ = {isa = PBXBuildFile; fileRef = EE5CEF7C290710AF00670EB2 /* ViewController.swift */; };
		EE5CEF80290710AF00670EB2 /* Main.storyboard in Resources */ = {isa = PBXBuildFile; fileRef = EE5CEF7E290710AF00670EB2 /* Main.storyboard */; };
		EE5CEF83290710AF00670EB2 /* SoundBoardJahir.xcdatamodeld in Sources */ = {isa = PBXBuildFile; fileRef = EE5CEF81290710AF00670EB2 /* SoundBoardJahir.xcdatamodeld */; };
		EE5CEF85290710B700670EB2 /* Assets.xcassets in Resources */ = {isa = PBXBuildFile; fileRef = EE5CEF84290710B700670EB2 /* Assets.xcassets */; };
		EE5CEF88290710B700670EB2 /* LaunchScreen.storyboard in Resources */ = {isa = PBXBuildFile; fileRef = EE5CEF86290710B700670EB2 /* LaunchScreen.storyboard */; };
		EE5CEF902907172900670EB2 /* SoundViewController.swift in Sources */ = {isa = PBXBuildFile; fileRef = EE5CEF8F2907172900670EB2 /* SoundViewController.swift */; };
/* End PBXBuildFile section */

/* Begin PBXFileReference section */
		EE5CEF75290710AF00670EB2 /* SoundBoardJahir.app */ = {isa = PBXFileReference; explicitFileType = wrapper.application; includeInIndex = 0; path = SoundBoardJahir.app; sourceTree = BUILT_PRODUCTS_DIR; };
		EE5CEF78290710AF00670EB2 /* AppDelegate.swift */ = {isa = PBXFileReference; lastKnownFileType = sourcecode.swift; path = AppDelegate.swift; sourceTree = "<group>"; };
		EE5CEF7A290710AF00670EB2 /* SceneDelegate.swift */ = {isa = PBXFileReference; lastKnownFileType = sourcecode.swift; path = SceneDelegate.swift; sourceTree = "<group>"; };
		EE5CEF7C290710AF00670EB2 /* ViewController.swift */ = {isa = PBXFileReference; lastKnownFileType = sourcecode.swift; path = ViewController.swift; sourceTree = "<group>"; };
		EE5CEF7F290710AF00670EB2 /* Base */ = {isa = PBXFileReference; lastKnownFileType = file.storyboard; name = Base; path = Base.lproj/Main.storyboard; sourceTree = "<group>"; };
		EE5CEF82290710AF00670EB2 /* SoundBoardJahir.xcdatamodel */ = {isa = PBXFileReference; lastKnownFileType = wrapper.xcdatamodel; path = SoundBoardJahir.xcdatamodel; sourceTree = "<group>"; };
		EE5CEF84290710B700670EB2 /* Assets.xcassets */ = {isa = PBXFileReference; lastKnownFileType = folder.assetcatalog; path = Assets.xcassets; sourceTree = "<group>"; };
		EE5CEF87290710B700670EB2 /* Base */ = {isa = PBXFileReference; lastKnownFileType = file.storyboard; name = Base; path = Base.lproj/LaunchScreen.storyboard; sourceTree = "<group>"; };
		EE5CEF89290710B700670EB2 /* Info.plist */ = {isa = PBXFileReference; lastKnownFileType = text.plist.xml; path = Info.plist; sourceTree = "<group>"; };
		EE5CEF8F2907172900670EB2 /* SoundViewController.swift */ = {isa = PBXFileReference; lastKnownFileType = sourcecode.swift; path = SoundViewController.swift; sourceTree = "<group>"; };
/* End PBXFileReference section */

/* Begin PBXFrameworksBuildPhase section */
		EE5CEF72290710AF00670EB2 /* Frameworks */ = {
			isa = PBXFrameworksBuildPhase;
			buildActionMask = 2147483647;
			files = (
			);
			runOnlyForDeploymentPostprocessing = 0;
		};
/* End PBXFrameworksBuildPhase section */

/* Begin PBXGroup section */
		EE5CEF6C290710AE00670EB2 = {
			isa = PBXGroup;
			children = (
				EE5CEF77290710AF00670EB2 /* SoundBoardJahir */,
				EE5CEF76290710AF00670EB2 /* Products */,
			);
			sourceTree = "<group>";
		};
		EE5CEF76290710AF00670EB2 /* Products */ = {
			isa = PBXGroup;
			children = (
				EE5CEF75290710AF00670EB2 /* SoundBoardJahir.app */,
			);
			name = Products;
			sourceTree = "<group>";
		};
		EE5CEF77290710AF00670EB2 /* SoundBoardJahir */ = {
			isa = PBXGroup;
			children = (
				EE5CEF78290710AF00670EB2 /* AppDelegate.swift */,
				EE5CEF7A290710AF00670EB2 /* SceneDelegate.swift */,
				EE5CEF7C290710AF00670EB2 /* ViewController.swift */,
				EE5CEF7E290710AF00670EB2 /* Main.storyboard */,
				EE5CEF8F2907172900670EB2 /* SoundViewController.swift */,
				EE5CEF84290710B700670EB2 /* Assets.xcassets */,
				EE5CEF86290710B700670EB2 /* LaunchScreen.storyboard */,
				EE5CEF89290710B700670EB2 /* Info.plist */,
				EE5CEF81290710AF00670EB2 /* SoundBoardJahir.xcdatamodeld */,
			);
			path = SoundBoardJahir;
			sourceTree = "<group>";
		};
/* End PBXGroup section */

/* Begin PBXNativeTarget section */
		EE5CEF74290710AF00670EB2 /* SoundBoardJahir */ = {
			isa = PBXNativeTarget;
			buildConfigurationList = EE5CEF8C290710B700670EB2 /* Build configuration list for PBXNativeTarget "SoundBoardJahir" */;
			buildPhases = (
				EE5CEF71290710AF00670EB2 /* Sources */,
				EE5CEF72290710AF00670EB2 /* Frameworks */,
				EE5CEF73290710AF00670EB2 /* Resources */,
			);
			buildRules = (
			);
			dependencies = (
			);
			name = SoundBoardJahir;
			productName = SoundBoardJahir;
			productReference = EE5CEF75290710AF00670EB2 /* SoundBoardJahir.app */;
			productType = "com.apple.product-type.application";
		};
/* End PBXNativeTarget section */

/* Begin PBXProject section */
		EE5CEF6D290710AE00670EB2 /* Project object */ = {
			isa = PBXProject;
			attributes = {
				LastSwiftUpdateCheck = 1130;
				LastUpgradeCheck = 1130;
				ORGANIZATIONNAME = "Jahir Larico";
				TargetAttributes = {
					EE5CEF74290710AF00670EB2 = {
						CreatedOnToolsVersion = 11.3.1;
					};
				};
			};
			buildConfigurationList = EE5CEF70290710AE00670EB2 /* Build configuration list for PBXProject "SoundBoardJahir" */;
			compatibilityVersion = "Xcode 9.3";
			developmentRegion = en;
			hasScannedForEncodings = 0;
			knownRegions = (
				en,
				Base,
			);
			mainGroup = EE5CEF6C290710AE00670EB2;
			productRefGroup = EE5CEF76290710AF00670EB2 /* Products */;
			projectDirPath = "";
			projectRoot = "";
			targets = (
				EE5CEF74290710AF00670EB2 /* SoundBoardJahir */,
			);
		};
/* End PBXProject section */

/* Begin PBXResourcesBuildPhase section */
		EE5CEF73290710AF00670EB2 /* Resources */ = {
			isa = PBXResourcesBuildPhase;
			buildActionMask = 2147483647;
			files = (
				EE5CEF88290710B700670EB2 /* LaunchScreen.storyboard in Resources */,
				EE5CEF85290710B700670EB2 /* Assets.xcassets in Resources */,
				EE5CEF80290710AF00670EB2 /* Main.storyboard in Resources */,
			);
			runOnlyForDeploymentPostprocessing = 0;
		};
/* End PBXResourcesBuildPhase section */

/* Begin PBXSourcesBuildPhase section */
		EE5CEF71290710AF00670EB2 /* Sources */ = {
			isa = PBXSourcesBuildPhase;
			buildActionMask = 2147483647;
			files = (
				EE5CEF7D290710AF00670EB2 /* ViewController.swift in Sources */,
				EE5CEF79290710AF00670EB2 /* AppDelegate.swift in Sources */,
				EE5CEF7B290710AF00670EB2 /* SceneDelegate.swift in Sources */,
				EE5CEF83290710AF00670EB2 /* SoundBoardJahir.xcdatamodeld in Sources */,
				EE5CEF902907172900670EB2 /* SoundViewController.swift in Sources */,
			);
			runOnlyForDeploymentPostprocessing = 0;
		};
/* End PBXSourcesBuildPhase section */

/* Begin PBXVariantGroup section */
		EE5CEF7E290710AF00670EB2 /* Main.storyboard */ = {
			isa = PBXVariantGroup;
			children = (
				EE5CEF7F290710AF00670EB2 /* Base */,
			);
			name = Main.storyboard;
			sourceTree = "<group>";
		};
		EE5CEF86290710B700670EB2 /* LaunchScreen.storyboard */ = {
			isa = PBXVariantGroup;
			children = (
				EE5CEF87290710B700670EB2 /* Base */,
			);
			name = LaunchScreen.storyboard;
			sourceTree = "<group>";
		};
/* End PBXVariantGroup section */

/* Begin XCBuildConfiguration section */
		EE5CEF8A290710B700670EB2 /* Debug */ = {
			isa = XCBuildConfiguration;
			buildSettings = {
				ALWAYS_SEARCH_USER_PATHS = NO;
				CLANG_ANALYZER_NONNULL = YES;
				CLANG_ANALYZER_NUMBER_OBJECT_CONVERSION = YES_AGGRESSIVE;
				CLANG_CXX_LANGUAGE_STANDARD = "gnu++14";
				CLANG_CXX_LIBRARY = "libc++";
				CLANG_ENABLE_MODULES = YES;
				CLANG_ENABLE_OBJC_ARC = YES;
				CLANG_ENABLE_OBJC_WEAK = YES;
				CLANG_WARN_BLOCK_CAPTURE_AUTORELEASING = YES;
				CLANG_WARN_BOOL_CONVERSION = YES;
				CLANG_WARN_COMMA = YES;
				CLANG_WARN_CONSTANT_CONVERSION = YES;
				CLANG_WARN_DEPRECATED_OBJC_IMPLEMENTATIONS = YES;
				CLANG_WARN_DIRECT_OBJC_ISA_USAGE = YES_ERROR;
				CLANG_WARN_DOCUMENTATION_COMMENTS = YES;
				CLANG_WARN_EMPTY_BODY = YES;
				CLANG_WARN_ENUM_CONVERSION = YES;
				CLANG_WARN_INFINITE_RECURSION = YES;
				CLANG_WARN_INT_CONVERSION = YES;
				CLANG_WARN_NON_LITERAL_NULL_CONVERSION = YES;
				CLANG_WARN_OBJC_IMPLICIT_RETAIN_SELF = YES;
				CLANG_WARN_OBJC_LITERAL_CONVERSION = YES;
				CLANG_WARN_OBJC_ROOT_CLASS = YES_ERROR;
				CLANG_WARN_RANGE_LOOP_ANALYSIS = YES;
				CLANG_WARN_STRICT_PROTOTYPES = YES;
				CLANG_WARN_SUSPICIOUS_MOVE = YES;
				CLANG_WARN_UNGUARDED_AVAILABILITY = YES_AGGRESSIVE;
				CLANG_WARN_UNREACHABLE_CODE = YES;
				CLANG_WARN__DUPLICATE_METHOD_MATCH = YES;
				COPY_PHASE_STRIP = NO;
				DEBUG_INFORMATION_FORMAT = dwarf;
				ENABLE_STRICT_OBJC_MSGSEND = YES;
				ENABLE_TESTABILITY = YES;
				GCC_C_LANGUAGE_STANDARD = gnu11;
				GCC_DYNAMIC_NO_PIC = NO;
				GCC_NO_COMMON_BLOCKS = YES;
				GCC_OPTIMIZATION_LEVEL = 0;
				GCC_PREPROCESSOR_DEFINITIONS = (
					"DEBUG=1",
					"$(inherited)",
				);
				GCC_WARN_64_TO_32_BIT_CONVERSION = YES;
				GCC_WARN_ABOUT_RETURN_TYPE = YES_ERROR;
				GCC_WARN_UNDECLARED_SELECTOR = YES;
				GCC_WARN_UNINITIALIZED_AUTOS = YES_AGGRESSIVE;
				GCC_WARN_UNUSED_FUNCTION = YES;
				GCC_WARN_UNUSED_VARIABLE = YES;
				IPHONEOS_DEPLOYMENT_TARGET = 13.2;
				MTL_ENABLE_DEBUG_INFO = INCLUDE_SOURCE;
				MTL_FAST_MATH = YES;
				ONLY_ACTIVE_ARCH = YES;
				SDKROOT = iphoneos;
				SWIFT_ACTIVE_COMPILATION_CONDITIONS = DEBUG;
				SWIFT_OPTIMIZATION_LEVEL = "-Onone";
			};
			name = Debug;
		};
		EE5CEF8B290710B700670EB2 /* Release */ = {
			isa = XCBuildConfiguration;
			buildSettings = {
				ALWAYS_SEARCH_USER_PATHS = NO;
				CLANG_ANALYZER_NONNULL = YES;
				CLANG_ANALYZER_NUMBER_OBJECT_CONVERSION = YES_AGGRESSIVE;
				CLANG_CXX_LANGUAGE_STANDARD = "gnu++14";
				CLANG_CXX_LIBRARY = "libc++";
				CLANG_ENABLE_MODULES = YES;
				CLANG_ENABLE_OBJC_ARC = YES;
				CLANG_ENABLE_OBJC_WEAK = YES;
				CLANG_WARN_BLOCK_CAPTURE_AUTORELEASING = YES;
				CLANG_WARN_BOOL_CONVERSION = YES;
				CLANG_WARN_COMMA = YES;
				CLANG_WARN_CONSTANT_CONVERSION = YES;
				CLANG_WARN_DEPRECATED_OBJC_IMPLEMENTATIONS = YES;
				CLANG_WARN_DIRECT_OBJC_ISA_USAGE = YES_ERROR;
				CLANG_WARN_DOCUMENTATION_COMMENTS = YES;
				CLANG_WARN_EMPTY_BODY = YES;
				CLANG_WARN_ENUM_CONVERSION = YES;
				CLANG_WARN_INFINITE_RECURSION = YES;
				CLANG_WARN_INT_CONVERSION = YES;
				CLANG_WARN_NON_LITERAL_NULL_CONVERSION = YES;
				CLANG_WARN_OBJC_IMPLICIT_RETAIN_SELF = YES;
				CLANG_WARN_OBJC_LITERAL_CONVERSION = YES;
				CLANG_WARN_OBJC_ROOT_CLASS = YES_ERROR;
				CLANG_WARN_RANGE_LOOP_ANALYSIS = YES;
				CLANG_WARN_STRICT_PROTOTYPES = YES;
				CLANG_WARN_SUSPICIOUS_MOVE = YES;
				CLANG_WARN_UNGUARDED_AVAILABILITY = YES_AGGRESSIVE;
				CLANG_WARN_UNREACHABLE_CODE = YES;
				CLANG_WARN__DUPLICATE_METHOD_MATCH = YES;
				COPY_PHASE_STRIP = NO;
				DEBUG_INFORMATION_FORMAT = "dwarf-with-dsym";
				ENABLE_NS_ASSERTIONS = NO;
				ENABLE_STRICT_OBJC_MSGSEND = YES;
				GCC_C_LANGUAGE_STANDARD = gnu11;
				GCC_NO_COMMON_BLOCKS = YES;
				GCC_WARN_64_TO_32_BIT_CONVERSION = YES;
				GCC_WARN_ABOUT_RETURN_TYPE = YES_ERROR;
				GCC_WARN_UNDECLARED_SELECTOR = YES;
				GCC_WARN_UNINITIALIZED_AUTOS = YES_AGGRESSIVE;
				GCC_WARN_UNUSED_FUNCTION = YES;
				GCC_WARN_UNUSED_VARIABLE = YES;
				IPHONEOS_DEPLOYMENT_TARGET = 13.2;
				MTL_ENABLE_DEBUG_INFO = NO;
				MTL_FAST_MATH = YES;
				SDKROOT = iphoneos;
				SWIFT_COMPILATION_MODE = wholemodule;
				SWIFT_OPTIMIZATION_LEVEL = "-O";
				VALIDATE_PRODUCT = YES;
			};
			name = Release;
		};
		EE5CEF8D290710B700670EB2 /* Debug */ = {
			isa = XCBuildConfiguration;
			buildSettings = {
				ASSETCATALOG_COMPILER_APPICON_NAME = AppIcon;
				CODE_SIGN_STYLE = Automatic;
				DEVELOPMENT_TEAM = SRVQX2ZNNZ;
				INFOPLIST_FILE = SoundBoardJahir/Info.plist;
				LD_RUNPATH_SEARCH_PATHS = (
					"$(inherited)",
					"@executable_path/Frameworks",
				);
				PRODUCT_BUNDLE_IDENTIFIER = miempresa.SoundBoardJahir;
				PRODUCT_NAME = "$(TARGET_NAME)";
				SWIFT_VERSION = 5.0;
				TARGETED_DEVICE_FAMILY = "1,2";
			};
			name = Debug;
		};
		EE5CEF8E290710B700670EB2 /* Release */ = {
			isa = XCBuildConfiguration;
			buildSettings = {
				ASSETCATALOG_COMPILER_APPICON_NAME = AppIcon;
				CODE_SIGN_STYLE = Automatic;
				DEVELOPMENT_TEAM = SRVQX2ZNNZ;
				INFOPLIST_FILE = SoundBoardJahir/Info.plist;
				LD_RUNPATH_SEARCH_PATHS = (
					"$(inherited)",
					"@executable_path/Frameworks",
				);
				PRODUCT_BUNDLE_IDENTIFIER = miempresa.SoundBoardJahir;
				PRODUCT_NAME = "$(TARGET_NAME)";
				SWIFT_VERSION = 5.0;
				TARGETED_DEVICE_FAMILY = "1,2";
			};
			name = Release;
		};
/* End XCBuildConfiguration section */

/* Begin XCConfigurationList section */
		EE5CEF70290710AE00670EB2 /* Build configuration list for PBXProject "SoundBoardJahir" */ = {
			isa = XCConfigurationList;
			buildConfigurations = (
				EE5CEF8A290710B700670EB2 /* Debug */,
				EE5CEF8B290710B700670EB2 /* Release */,
			);
			defaultConfigurationIsVisible = 0;
			defaultConfigurationName = Release;
		};
		EE5CEF8C290710B700670EB2 /* Build configuration list for PBXNativeTarget "SoundBoardJahir" */ = {
			isa = XCConfigurationList;
			buildConfigurations = (
				EE5CEF8D290710B700670EB2 /* Debug */,
				EE5CEF8E290710B700670EB2 /* Release */,
			);
			defaultConfigurationIsVisible = 0;
			defaultConfigurationName = Release;
		};
/* End XCConfigurationList section */

/* Begin XCVersionGroup section */
		EE5CEF81290710AF00670EB2 /* SoundBoardJahir.xcdatamodeld */ = {
			isa = XCVersionGroup;
			children = (
				EE5CEF82290710AF00670EB2 /* SoundBoardJahir.xcdatamodel */,
			);
			currentVersion = EE5CEF82290710AF00670EB2 /* SoundBoardJahir.xcdatamodel */;
			path = SoundBoardJahir.xcdatamodeld;
			sourceTree = "<group>";
			versionGroupType = wrapper.xcdatamodel;
		};
/* End XCVersionGroup section */
	};
	rootObject = EE5CEF6D290710AE00670EB2 /* Project object */;
}
